{
  "version": 4,
  "terraform_version": "0.12.29",
  "serial": 21,
  "lineage": "4ed32643-e067-f3e3-1baf-65a97549c288",
  "outputs": {
    "image_id": {
      "value": "/subscriptions/4c540f55-4c6f-4ca1-a783-23cec37be85c/resourceGroups/udacityGroup/providers/Microsoft.Compute/images/webserverPackerImage",
      "type": "string"
    },
    "lb_name": {
      "value": "udacityResources-lb",
      "type": "string"
    }
  },
  "resources": [
    {
      "mode": "data",
      "type": "azurerm_image",
      "name": "image",
      "provider": "provider.azurerm",
      "instances": [
        {
          "schema_version": 0,
          "attributes": {
            "data_disk": [],
            "id": "/subscriptions/4c540f55-4c6f-4ca1-a783-23cec37be85c/resourceGroups/udacityGroup/providers/Microsoft.Compute/images/webserverPackerImage",
            "location": "eastus",
            "name": "webserverPackerImage",
            "name_regex": null,
            "os_disk": [
              {
                "blob_uri": "",
                "caching": "ReadWrite",
                "managed_disk_id": "/subscriptions/4c540f55-4c6f-4ca1-a783-23cec37be85c/resourceGroups/PKR-RESOURCE-GROUP-27F96SZ7M5/providers/Microsoft.Compute/disks/pkros27f96sz7m5",
                "os_state": "Generalized",
                "os_type": "Linux",
                "size_gb": 30
              }
            ],
            "resource_group_name": "udacityGroup",
            "sort_descending": false,
            "tags": {
              "webserver-env": "udacityProject"
            },
            "timeouts": null,
            "zone_resilient": false
          }
        }
      ]
    },
    {
      "mode": "managed",
      "type": "azurerm_availability_set",
      "name": "avset",
      "provider": "provider.azurerm",
      "instances": [
        {
          "schema_version": 0,
          "attributes": {
            "id": "/subscriptions/4c540f55-4c6f-4ca1-a783-23cec37be85c/resourceGroups/udacityResources/providers/Microsoft.Compute/availabilitySets/avset",
            "location": "eastus",
            "managed": true,
            "name": "avset",
            "platform_fault_domain_count": 2,
            "platform_update_domain_count": 2,
            "proximity_placement_group_id": null,
            "resource_group_name": "udacityResources",
            "tags": {
              "webserver-env": "udacityProject"
            },
            "timeouts": null
          },
          "private": "eyJlMmJmYjczMC1lY2FhLTExZTYtOGY4OC0zNDM2M2JjN2M0YzAiOnsiY3JlYXRlIjoxODAwMDAwMDAwMDAwLCJkZWxldGUiOjE4MDAwMDAwMDAwMDAsInJlYWQiOjMwMDAwMDAwMDAwMCwidXBkYXRlIjoxODAwMDAwMDAwMDAwfX0=",
          "dependencies": [
            "azurerm_resource_group.main"
          ]
        }
      ]
    },
    {
      "mode": "managed",
      "type": "azurerm_lb",
      "name": "main",
      "provider": "provider.azurerm",
      "instances": [
        {
          "schema_version": 0,
          "attributes": {
            "frontend_ip_configuration": [
              {
                "id": "/subscriptions/4c540f55-4c6f-4ca1-a783-23cec37be85c/resourceGroups/udacityResources/providers/Microsoft.Network/loadBalancers/udacityResources-lb/frontendIPConfigurations/publicIPAddress",
                "inbound_nat_rules": [],
                "load_balancer_rules": [],
                "name": "publicIPAddress",
                "outbound_rules": [],
                "private_ip_address": "",
                "private_ip_address_allocation": "Dynamic",
                "private_ip_address_version": "IPv4",
                "public_ip_address_id": "/subscriptions/4c540f55-4c6f-4ca1-a783-23cec37be85c/resourceGroups/udacityResources/providers/Microsoft.Network/publicIPAddresses/udacityResources-pubIP",
                "public_ip_prefix_id": "",
                "subnet_id": "",
                "zones": []
              }
            ],
            "id": "/subscriptions/4c540f55-4c6f-4ca1-a783-23cec37be85c/resourceGroups/udacityResources/providers/Microsoft.Network/loadBalancers/udacityResources-lb",
            "location": "eastus",
            "name": "udacityResources-lb",
            "private_ip_address": "",
            "private_ip_addresses": [],
            "resource_group_name": "udacityResources",
            "sku": "Basic",
            "tags": {
              "webserver-env": "udacityProject"
            },
            "timeouts": null
          },
          "private": "eyJlMmJmYjczMC1lY2FhLTExZTYtOGY4OC0zNDM2M2JjN2M0YzAiOnsiY3JlYXRlIjoxODAwMDAwMDAwMDAwLCJkZWxldGUiOjE4MDAwMDAwMDAwMDAsInJlYWQiOjMwMDAwMDAwMDAwMCwidXBkYXRlIjoxODAwMDAwMDAwMDAwfX0=",
          "dependencies": [
            "azurerm_public_ip.main",
            "azurerm_resource_group.main"
          ]
        }
      ]
    },
    {
      "mode": "managed",
      "type": "azurerm_lb_backend_address_pool",
      "name": "main",
      "provider": "provider.azurerm",
      "instances": [
        {
          "schema_version": 0,
          "attributes": {
            "backend_ip_configurations": [],
            "id": "/subscriptions/4c540f55-4c6f-4ca1-a783-23cec37be85c/resourceGroups/udacityResources/providers/Microsoft.Network/loadBalancers/udacityResources-lb/backendAddressPools/BackEndAddressPool",
            "load_balancing_rules": [],
            "loadbalancer_id": "/subscriptions/4c540f55-4c6f-4ca1-a783-23cec37be85c/resourceGroups/udacityResources/providers/Microsoft.Network/loadBalancers/udacityResources-lb",
            "name": "BackEndAddressPool",
            "resource_group_name": "udacityResources",
            "timeouts": null
          },
          "private": "eyJlMmJmYjczMC1lY2FhLTExZTYtOGY4OC0zNDM2M2JjN2M0YzAiOnsiY3JlYXRlIjoxODAwMDAwMDAwMDAwLCJkZWxldGUiOjE4MDAwMDAwMDAwMDAsInJlYWQiOjMwMDAwMDAwMDAwMCwidXBkYXRlIjoxODAwMDAwMDAwMDAwfX0=",
          "dependencies": [
            "azurerm_lb.main",
            "azurerm_public_ip.main",
            "azurerm_resource_group.main"
          ]
        }
      ]
    },
    {
      "mode": "managed",
      "type": "azurerm_managed_disk",
      "name": "main",
      "each": "list",
      "provider": "provider.azurerm",
      "instances": [
        {
          "index_key": 0,
          "schema_version": 0,
          "attributes": {
            "create_option": "Empty",
            "disk_encryption_set_id": "",
            "disk_iops_read_write": 500,
            "disk_mbps_read_write": 60,
            "disk_size_gb": 10,
            "encryption_settings": [],
            "id": "/subscriptions/4c540f55-4c6f-4ca1-a783-23cec37be85c/resourceGroups/udacityResources/providers/Microsoft.Compute/disks/datadisk_existing_0",
            "image_reference_id": "",
            "location": "eastus",
            "name": "datadisk_existing_0",
            "os_type": "",
            "resource_group_name": "udacityResources",
            "source_resource_id": "",
            "source_uri": "",
            "storage_account_id": "",
            "storage_account_type": "Standard_LRS",
            "tags": {
              "webserver-env": "udacityProject"
            },
            "timeouts": null,
            "zones": []
          },
          "private": "eyJlMmJmYjczMC1lY2FhLTExZTYtOGY4OC0zNDM2M2JjN2M0YzAiOnsiY3JlYXRlIjoxODAwMDAwMDAwMDAwLCJkZWxldGUiOjE4MDAwMDAwMDAwMDAsInJlYWQiOjMwMDAwMDAwMDAwMCwidXBkYXRlIjoxODAwMDAwMDAwMDAwfX0=",
          "dependencies": [
            "azurerm_resource_group.main"
          ]
        },
        {
          "index_key": 1,
          "schema_version": 0,
          "attributes": {
            "create_option": "Empty",
            "disk_encryption_set_id": "",
            "disk_iops_read_write": 500,
            "disk_mbps_read_write": 60,
            "disk_size_gb": 10,
            "encryption_settings": [],
            "id": "/subscriptions/4c540f55-4c6f-4ca1-a783-23cec37be85c/resourceGroups/udacityResources/providers/Microsoft.Compute/disks/datadisk_existing_1",
            "image_reference_id": "",
            "location": "eastus",
            "name": "datadisk_existing_1",
            "os_type": "",
            "resource_group_name": "udacityResources",
            "source_resource_id": "",
            "source_uri": "",
            "storage_account_id": "",
            "storage_account_type": "Standard_LRS",
            "tags": {
              "webserver-env": "udacityProject"
            },
            "timeouts": null,
            "zones": []
          },
          "private": "eyJlMmJmYjczMC1lY2FhLTExZTYtOGY4OC0zNDM2M2JjN2M0YzAiOnsiY3JlYXRlIjoxODAwMDAwMDAwMDAwLCJkZWxldGUiOjE4MDAwMDAwMDAwMDAsInJlYWQiOjMwMDAwMDAwMDAwMCwidXBkYXRlIjoxODAwMDAwMDAwMDAwfX0=",
          "dependencies": [
            "azurerm_resource_group.main"
          ]
        }
      ]
    },
    {
      "mode": "managed",
      "type": "azurerm_network_interface",
      "name": "main",
      "each": "list",
      "provider": "provider.azurerm",
      "instances": [
        {
          "index_key": 0,
          "schema_version": 0,
          "attributes": {
            "applied_dns_servers": [],
            "dns_servers": [],
            "enable_accelerated_networking": false,
            "enable_ip_forwarding": false,
            "id": "/subscriptions/4c540f55-4c6f-4ca1-a783-23cec37be85c/resourceGroups/udacityResources/providers/Microsoft.Network/networkInterfaces/acctni0",
            "internal_dns_name_label": "",
            "internal_domain_name_suffix": "ofsgnrvpmrzehmkvuwoeaisnce.bx.internal.cloudapp.net",
            "ip_configuration": [
              {
                "name": "mainConfiguration",
                "primary": true,
                "private_ip_address": "10.5.1.4",
                "private_ip_address_allocation": "Dynamic",
                "private_ip_address_version": "IPv4",
                "public_ip_address_id": "",
                "subnet_id": "/subscriptions/4c540f55-4c6f-4ca1-a783-23cec37be85c/resourceGroups/udacityResources/providers/Microsoft.Network/virtualNetworks/udacityResources-net/subnets/udacityResources-subnet"
              }
            ],
            "location": "eastus",
            "mac_address": "",
            "name": "acctni0",
            "private_ip_address": "10.5.1.4",
            "private_ip_addresses": [
              "10.5.1.4"
            ],
            "resource_group_name": "udacityResources",
            "tags": {
              "webserver-env": "udacityProject"
            },
            "timeouts": null,
            "virtual_machine_id": ""
          },
          "private": "eyJlMmJmYjczMC1lY2FhLTExZTYtOGY4OC0zNDM2M2JjN2M0YzAiOnsiY3JlYXRlIjoxODAwMDAwMDAwMDAwLCJkZWxldGUiOjE4MDAwMDAwMDAwMDAsInJlYWQiOjMwMDAwMDAwMDAwMCwidXBkYXRlIjoxODAwMDAwMDAwMDAwfX0=",
          "dependencies": [
            "azurerm_resource_group.main",
            "azurerm_subnet.main",
            "azurerm_virtual_network.main"
          ]
        },
        {
          "index_key": 1,
          "schema_version": 0,
          "attributes": {
            "applied_dns_servers": [],
            "dns_servers": [],
            "enable_accelerated_networking": false,
            "enable_ip_forwarding": false,
            "id": "/subscriptions/4c540f55-4c6f-4ca1-a783-23cec37be85c/resourceGroups/udacityResources/providers/Microsoft.Network/networkInterfaces/acctni1",
            "internal_dns_name_label": "",
            "internal_domain_name_suffix": "ofsgnrvpmrzehmkvuwoeaisnce.bx.internal.cloudapp.net",
            "ip_configuration": [
              {
                "name": "mainConfiguration",
                "primary": true,
                "private_ip_address": "10.5.1.5",
                "private_ip_address_allocation": "Dynamic",
                "private_ip_address_version": "IPv4",
                "public_ip_address_id": "",
                "subnet_id": "/subscriptions/4c540f55-4c6f-4ca1-a783-23cec37be85c/resourceGroups/udacityResources/providers/Microsoft.Network/virtualNetworks/udacityResources-net/subnets/udacityResources-subnet"
              }
            ],
            "location": "eastus",
            "mac_address": "",
            "name": "acctni1",
            "private_ip_address": "10.5.1.5",
            "private_ip_addresses": [
              "10.5.1.5"
            ],
            "resource_group_name": "udacityResources",
            "tags": {
              "webserver-env": "udacityProject"
            },
            "timeouts": null,
            "virtual_machine_id": ""
          },
          "private": "eyJlMmJmYjczMC1lY2FhLTExZTYtOGY4OC0zNDM2M2JjN2M0YzAiOnsiY3JlYXRlIjoxODAwMDAwMDAwMDAwLCJkZWxldGUiOjE4MDAwMDAwMDAwMDAsInJlYWQiOjMwMDAwMDAwMDAwMCwidXBkYXRlIjoxODAwMDAwMDAwMDAwfX0=",
          "dependencies": [
            "azurerm_resource_group.main",
            "azurerm_subnet.main",
            "azurerm_virtual_network.main"
          ]
        }
      ]
    },
    {
      "mode": "managed",
      "type": "azurerm_network_interface_security_group_association",
      "name": "example",
      "each": "list",
      "provider": "provider.azurerm",
      "instances": [
        {
          "index_key": 0,
          "schema_version": 0,
          "attributes": {
            "id": "/subscriptions/4c540f55-4c6f-4ca1-a783-23cec37be85c/resourceGroups/udacityResources/providers/Microsoft.Network/networkInterfaces/acctni0|/subscriptions/4c540f55-4c6f-4ca1-a783-23cec37be85c/resourceGroups/udacityResources/providers/Microsoft.Network/networkSecurityGroups/udacityResources-netsecgrp",
            "network_interface_id": "/subscriptions/4c540f55-4c6f-4ca1-a783-23cec37be85c/resourceGroups/udacityResources/providers/Microsoft.Network/networkInterfaces/acctni0",
            "network_security_group_id": "/subscriptions/4c540f55-4c6f-4ca1-a783-23cec37be85c/resourceGroups/udacityResources/providers/Microsoft.Network/networkSecurityGroups/udacityResources-netsecgrp",
            "timeouts": null
          },
          "private": "eyJlMmJmYjczMC1lY2FhLTExZTYtOGY4OC0zNDM2M2JjN2M0YzAiOnsiY3JlYXRlIjoxODAwMDAwMDAwMDAwLCJkZWxldGUiOjE4MDAwMDAwMDAwMDAsInJlYWQiOjMwMDAwMDAwMDAwMCwidXBkYXRlIjoxODAwMDAwMDAwMDAwfX0=",
          "dependencies": [
            "azurerm_network_interface.main",
            "azurerm_network_security_group.main",
            "azurerm_resource_group.main",
            "azurerm_subnet.main",
            "azurerm_virtual_network.main"
          ]
        },
        {
          "index_key": 1,
          "schema_version": 0,
          "attributes": {
            "id": "/subscriptions/4c540f55-4c6f-4ca1-a783-23cec37be85c/resourceGroups/udacityResources/providers/Microsoft.Network/networkInterfaces/acctni1|/subscriptions/4c540f55-4c6f-4ca1-a783-23cec37be85c/resourceGroups/udacityResources/providers/Microsoft.Network/networkSecurityGroups/udacityResources-netsecgrp",
            "network_interface_id": "/subscriptions/4c540f55-4c6f-4ca1-a783-23cec37be85c/resourceGroups/udacityResources/providers/Microsoft.Network/networkInterfaces/acctni1",
            "network_security_group_id": "/subscriptions/4c540f55-4c6f-4ca1-a783-23cec37be85c/resourceGroups/udacityResources/providers/Microsoft.Network/networkSecurityGroups/udacityResources-netsecgrp",
            "timeouts": null
          },
          "private": "eyJlMmJmYjczMC1lY2FhLTExZTYtOGY4OC0zNDM2M2JjN2M0YzAiOnsiY3JlYXRlIjoxODAwMDAwMDAwMDAwLCJkZWxldGUiOjE4MDAwMDAwMDAwMDAsInJlYWQiOjMwMDAwMDAwMDAwMCwidXBkYXRlIjoxODAwMDAwMDAwMDAwfX0=",
          "dependencies": [
            "azurerm_network_interface.main",
            "azurerm_network_security_group.main",
            "azurerm_resource_group.main",
            "azurerm_subnet.main",
            "azurerm_virtual_network.main"
          ]
        }
      ]
    },
    {
      "mode": "managed",
      "type": "azurerm_network_security_group",
      "name": "main",
      "provider": "provider.azurerm",
      "instances": [
        {
          "schema_version": 0,
          "attributes": {
            "id": "/subscriptions/4c540f55-4c6f-4ca1-a783-23cec37be85c/resourceGroups/udacityResources/providers/Microsoft.Network/networkSecurityGroups/udacityResources-netsecgrp",
            "location": "eastus",
            "name": "udacityResources-netsecgrp",
            "resource_group_name": "udacityResources",
            "security_rule": [
              {
                "access": "Deny",
                "description": "",
                "destination_address_prefix": "*",
                "destination_address_prefixes": [],
                "destination_application_security_group_ids": [],
                "destination_port_range": "*",
                "destination_port_ranges": [],
                "direction": "Inbound",
                "name": "Internet",
                "priority": 1001,
                "protocol": "*",
                "source_address_prefix": "*",
                "source_address_prefixes": [],
                "source_application_security_group_ids": [],
                "source_port_range": "*",
                "source_port_ranges": []
              }
            ],
            "tags": {
              "webserver-env": "udacityProject"
            },
            "timeouts": null
          },
          "private": "eyJlMmJmYjczMC1lY2FhLTExZTYtOGY4OC0zNDM2M2JjN2M0YzAiOnsiY3JlYXRlIjoxODAwMDAwMDAwMDAwLCJkZWxldGUiOjE4MDAwMDAwMDAwMDAsInJlYWQiOjMwMDAwMDAwMDAwMCwidXBkYXRlIjoxODAwMDAwMDAwMDAwfX0=",
          "dependencies": [
            "azurerm_resource_group.main"
          ]
        }
      ]
    },
    {
      "mode": "managed",
      "type": "azurerm_public_ip",
      "name": "main",
      "provider": "provider.azurerm",
      "instances": [
        {
          "schema_version": 0,
          "attributes": {
            "allocation_method": "Static",
            "domain_name_label": null,
            "fqdn": null,
            "id": "/subscriptions/4c540f55-4c6f-4ca1-a783-23cec37be85c/resourceGroups/udacityResources/providers/Microsoft.Network/publicIPAddresses/udacityResources-pubIP",
            "idle_timeout_in_minutes": 4,
            "ip_address": "52.188.125.232",
            "ip_version": "IPv4",
            "location": "eastus",
            "name": "udacityResources-pubIP",
            "public_ip_prefix_id": null,
            "resource_group_name": "udacityResources",
            "reverse_fqdn": null,
            "sku": "Basic",
            "tags": {
              "webserver-env": "udacityProject"
            },
            "timeouts": null,
            "zones": []
          },
          "private": "eyJlMmJmYjczMC1lY2FhLTExZTYtOGY4OC0zNDM2M2JjN2M0YzAiOnsiY3JlYXRlIjoxODAwMDAwMDAwMDAwLCJkZWxldGUiOjE4MDAwMDAwMDAwMDAsInJlYWQiOjMwMDAwMDAwMDAwMCwidXBkYXRlIjoxODAwMDAwMDAwMDAwfX0=",
          "dependencies": [
            "azurerm_resource_group.main"
          ]
        }
      ]
    },
    {
      "mode": "managed",
      "type": "azurerm_resource_group",
      "name": "main",
      "provider": "provider.azurerm",
      "instances": [
        {
          "schema_version": 0,
          "attributes": {
            "id": "/subscriptions/4c540f55-4c6f-4ca1-a783-23cec37be85c/resourceGroups/udacityResources",
            "location": "eastus",
            "name": "udacityResources",
            "tags": {
              "webserver-env": "udacityProject"
            },
            "timeouts": null
          },
          "private": "eyJlMmJmYjczMC1lY2FhLTExZTYtOGY4OC0zNDM2M2JjN2M0YzAiOnsiY3JlYXRlIjo1NDAwMDAwMDAwMDAwLCJkZWxldGUiOjU0MDAwMDAwMDAwMDAsInJlYWQiOjMwMDAwMDAwMDAwMCwidXBkYXRlIjo1NDAwMDAwMDAwMDAwfX0="
        }
      ]
    },
    {
      "mode": "managed",
      "type": "azurerm_subnet",
      "name": "main",
      "provider": "provider.azurerm",
      "instances": [
        {
          "schema_version": 0,
          "attributes": {
            "address_prefix": "10.5.1.0/24",
            "address_prefixes": [
              "10.5.1.0/24"
            ],
            "delegation": [],
            "enforce_private_link_endpoint_network_policies": false,
            "enforce_private_link_service_network_policies": false,
            "id": "/subscriptions/4c540f55-4c6f-4ca1-a783-23cec37be85c/resourceGroups/udacityResources/providers/Microsoft.Network/virtualNetworks/udacityResources-net/subnets/udacityResources-subnet",
            "name": "udacityResources-subnet",
            "resource_group_name": "udacityResources",
            "service_endpoints": [],
            "timeouts": null,
            "virtual_network_name": "udacityResources-net"
          },
          "private": "eyJlMmJmYjczMC1lY2FhLTExZTYtOGY4OC0zNDM2M2JjN2M0YzAiOnsiY3JlYXRlIjoxODAwMDAwMDAwMDAwLCJkZWxldGUiOjE4MDAwMDAwMDAwMDAsInJlYWQiOjMwMDAwMDAwMDAwMCwidXBkYXRlIjoxODAwMDAwMDAwMDAwfX0=",
          "dependencies": [
            "azurerm_resource_group.main",
            "azurerm_virtual_network.main"
          ]
        }
      ]
    },
    {
      "mode": "managed",
      "type": "azurerm_virtual_machine",
      "name": "main",
      "each": "list",
      "provider": "provider.azurerm",
      "instances": [
        {
          "index_key": 0,
          "schema_version": 0,
          "attributes": {
            "additional_capabilities": [],
            "availability_set_id": "/subscriptions/4c540f55-4c6f-4ca1-a783-23cec37be85c/resourcegroups/udacityresources/providers/microsoft.compute/availabilitysets/avset",
            "boot_diagnostics": [],
            "delete_data_disks_on_termination": false,
            "delete_os_disk_on_termination": false,
            "id": "/subscriptions/4c540f55-4c6f-4ca1-a783-23cec37be85c/resourceGroups/udacityResources/providers/Microsoft.Compute/virtualMachines/acctvm0",
            "identity": [],
            "license_type": null,
            "location": "eastus",
            "name": "acctvm0",
            "network_interface_ids": [
              "/subscriptions/4c540f55-4c6f-4ca1-a783-23cec37be85c/resourceGroups/udacityResources/providers/Microsoft.Network/networkInterfaces/acctni0"
            ],
            "os_profile": [
              {
                "admin_password": "",
                "admin_username": "benoit",
                "computer_name": "hostname0",
                "custom_data": ""
              }
            ],
            "os_profile_linux_config": [
              {
                "disable_password_authentication": false,
                "ssh_keys": []
              }
            ],
            "os_profile_secrets": [],
            "os_profile_windows_config": [],
            "plan": [],
            "primary_network_interface_id": null,
            "proximity_placement_group_id": null,
            "resource_group_name": "udacityResources",
            "storage_data_disk": [
              {
                "caching": "None",
                "create_option": "Empty",
                "disk_size_gb": 10,
                "lun": 0,
                "managed_disk_id": "/subscriptions/4c540f55-4c6f-4ca1-a783-23cec37be85c/resourceGroups/UDACITYRESOURCES/providers/Microsoft.Compute/disks/datadisk_new_0",
                "managed_disk_type": "Standard_LRS",
                "name": "datadisk_new_0",
                "vhd_uri": "",
                "write_accelerator_enabled": false
              },
              {
                "caching": "None",
                "create_option": "Attach",
                "disk_size_gb": 10,
                "lun": 1,
                "managed_disk_id": "/subscriptions/4c540f55-4c6f-4ca1-a783-23cec37be85c/resourceGroups/udacityResources/providers/Microsoft.Compute/disks/datadisk_existing_0",
                "managed_disk_type": "Standard_LRS",
                "name": "datadisk_existing_0",
                "vhd_uri": "",
                "write_accelerator_enabled": false
              }
            ],
            "storage_image_reference": [
              {
                "id": "/subscriptions/4c540f55-4c6f-4ca1-a783-23cec37be85c/resourceGroups/udacityGroup/providers/Microsoft.Compute/images/webserverPackerImage",
                "offer": "",
                "publisher": "",
                "sku": "",
                "version": ""
              }
            ],
            "storage_os_disk": [
              {
                "caching": "ReadWrite",
                "create_option": "FromImage",
                "disk_size_gb": 30,
                "image_uri": "",
                "managed_disk_id": "/subscriptions/4c540f55-4c6f-4ca1-a783-23cec37be85c/resourceGroups/UDACITYRESOURCES/providers/Microsoft.Compute/disks/myosdisk0",
                "managed_disk_type": "Standard_LRS",
                "name": "myosdisk0",
                "os_type": "Linux",
                "vhd_uri": "",
                "write_accelerator_enabled": false
              }
            ],
            "tags": {
              "webserver-env": "udacityProject"
            },
            "timeouts": null,
            "vm_size": "Standard_B1s",
            "zones": null
          },
          "private": "eyJlMmJmYjczMC1lY2FhLTExZTYtOGY4OC0zNDM2M2JjN2M0YzAiOnsiY3JlYXRlIjozNjAwMDAwMDAwMDAwLCJkZWxldGUiOjM2MDAwMDAwMDAwMDAsInJlYWQiOjMwMDAwMDAwMDAwMCwidXBkYXRlIjozNjAwMDAwMDAwMDAwfX0=",
          "dependencies": [
            "azurerm_availability_set.avset",
            "azurerm_managed_disk.main",
            "azurerm_network_interface.main",
            "azurerm_resource_group.main"
          ]
        },
        {
          "index_key": 1,
          "schema_version": 0,
          "attributes": {
            "additional_capabilities": [],
            "availability_set_id": "/subscriptions/4c540f55-4c6f-4ca1-a783-23cec37be85c/resourcegroups/udacityresources/providers/microsoft.compute/availabilitysets/avset",
            "boot_diagnostics": [],
            "delete_data_disks_on_termination": false,
            "delete_os_disk_on_termination": false,
            "id": "/subscriptions/4c540f55-4c6f-4ca1-a783-23cec37be85c/resourceGroups/udacityResources/providers/Microsoft.Compute/virtualMachines/acctvm1",
            "identity": [],
            "license_type": null,
            "location": "eastus",
            "name": "acctvm1",
            "network_interface_ids": [
              "/subscriptions/4c540f55-4c6f-4ca1-a783-23cec37be85c/resourceGroups/udacityResources/providers/Microsoft.Network/networkInterfaces/acctni1"
            ],
            "os_profile": [
              {
                "admin_password": "",
                "admin_username": "benoit",
                "computer_name": "hostname1",
                "custom_data": ""
              }
            ],
            "os_profile_linux_config": [
              {
                "disable_password_authentication": false,
                "ssh_keys": []
              }
            ],
            "os_profile_secrets": [],
            "os_profile_windows_config": [],
            "plan": [],
            "primary_network_interface_id": null,
            "proximity_placement_group_id": null,
            "resource_group_name": "udacityResources",
            "storage_data_disk": [
              {
                "caching": "None",
                "create_option": "Empty",
                "disk_size_gb": 10,
                "lun": 0,
                "managed_disk_id": "/subscriptions/4c540f55-4c6f-4ca1-a783-23cec37be85c/resourceGroups/UDACITYRESOURCES/providers/Microsoft.Compute/disks/datadisk_new_1",
                "managed_disk_type": "Standard_LRS",
                "name": "datadisk_new_1",
                "vhd_uri": "",
                "write_accelerator_enabled": false
              },
              {
                "caching": "None",
                "create_option": "Attach",
                "disk_size_gb": 10,
                "lun": 1,
                "managed_disk_id": "/subscriptions/4c540f55-4c6f-4ca1-a783-23cec37be85c/resourceGroups/udacityResources/providers/Microsoft.Compute/disks/datadisk_existing_1",
                "managed_disk_type": "Standard_LRS",
                "name": "datadisk_existing_1",
                "vhd_uri": "",
                "write_accelerator_enabled": false
              }
            ],
            "storage_image_reference": [
              {
                "id": "/subscriptions/4c540f55-4c6f-4ca1-a783-23cec37be85c/resourceGroups/udacityGroup/providers/Microsoft.Compute/images/webserverPackerImage",
                "offer": "",
                "publisher": "",
                "sku": "",
                "version": ""
              }
            ],
            "storage_os_disk": [
              {
                "caching": "ReadWrite",
                "create_option": "FromImage",
                "disk_size_gb": 30,
                "image_uri": "",
                "managed_disk_id": "/subscriptions/4c540f55-4c6f-4ca1-a783-23cec37be85c/resourceGroups/UDACITYRESOURCES/providers/Microsoft.Compute/disks/myosdisk1",
                "managed_disk_type": "Standard_LRS",
                "name": "myosdisk1",
                "os_type": "Linux",
                "vhd_uri": "",
                "write_accelerator_enabled": false
              }
            ],
            "tags": {
              "webserver-env": "udacityProject"
            },
            "timeouts": null,
            "vm_size": "Standard_B1s",
            "zones": null
          },
          "private": "eyJlMmJmYjczMC1lY2FhLTExZTYtOGY4OC0zNDM2M2JjN2M0YzAiOnsiY3JlYXRlIjozNjAwMDAwMDAwMDAwLCJkZWxldGUiOjM2MDAwMDAwMDAwMDAsInJlYWQiOjMwMDAwMDAwMDAwMCwidXBkYXRlIjozNjAwMDAwMDAwMDAwfX0=",
          "dependencies": [
            "azurerm_availability_set.avset",
            "azurerm_managed_disk.main",
            "azurerm_network_interface.main",
            "azurerm_resource_group.main"
          ]
        }
      ]
    },
    {
      "mode": "managed",
      "type": "azurerm_virtual_network",
      "name": "main",
      "provider": "provider.azurerm",
      "instances": [
        {
          "schema_version": 0,
          "attributes": {
            "address_space": [
              "10.5.0.0/16"
            ],
            "ddos_protection_plan": [],
            "dns_servers": [],
            "guid": "c6666471-64af-4372-b155-a59c40224d14",
            "id": "/subscriptions/4c540f55-4c6f-4ca1-a783-23cec37be85c/resourceGroups/udacityResources/providers/Microsoft.Network/virtualNetworks/udacityResources-net",
            "location": "eastus",
            "name": "udacityResources-net",
            "resource_group_name": "udacityResources",
            "subnet": [
              {
                "address_prefix": "10.5.1.0/24",
                "id": "/subscriptions/4c540f55-4c6f-4ca1-a783-23cec37be85c/resourceGroups/udacityResources/providers/Microsoft.Network/virtualNetworks/udacityResources-net/subnets/udacityResources-subnet",
                "name": "udacityResources-subnet",
                "security_group": ""
              }
            ],
            "tags": {
              "webserver-env": "udacityProject"
            },
            "timeouts": null
          },
          "private": "eyJlMmJmYjczMC1lY2FhLTExZTYtOGY4OC0zNDM2M2JjN2M0YzAiOnsiY3JlYXRlIjoxODAwMDAwMDAwMDAwLCJkZWxldGUiOjE4MDAwMDAwMDAwMDAsInJlYWQiOjMwMDAwMDAwMDAwMCwidXBkYXRlIjoxODAwMDAwMDAwMDAwfX0=",
          "dependencies": [
            "azurerm_resource_group.main"
          ]
        }
      ]
    }
  ]
}
